// !$*UTF8*$!
{
	archiveVersion = 1;
	classes = {
	};
	objectVersion = 56;
	objects = {

/* Begin PBXBuildFile section */
		6A24786F2AB465D400864F6E /* AppLovinMAXGodotManager.mm in Sources */ = {isa = PBXBuildFile; fileRef = 6AD94AE02AB459F800942DF0 /* AppLovinMAXGodotManager.mm */; };
		6A2478702AB465D700864F6E /* AppLovinMAXGodotPlugin.mm in Sources */ = {isa = PBXBuildFile; fileRef = 6AD94ADB2AB4588000942DF0 /* AppLovinMAXGodotPlugin.mm */; };
		6AA751482BC622E100FD643F /* NSArray+AppLovinMAXGodotPlugin.mm in Sources */ = {isa = PBXBuildFile; fileRef = 6AA751412BC622E100FD643F /* NSArray+AppLovinMAXGodotPlugin.mm */; };
		6AA751492BC622E100FD643F /* NSObject+AppLovinMAXGodotPlugin.mm in Sources */ = {isa = PBXBuildFile; fileRef = 6AA751432BC622E100FD643F /* NSObject+AppLovinMAXGodotPlugin.mm */; };
		6AA7514A2BC622E100FD643F /* NSDictionary+AppLovinMAXGodotPlugin.mm in Sources */ = {isa = PBXBuildFile; fileRef = 6AA751442BC622E100FD643F /* NSDictionary+AppLovinMAXGodotPlugin.mm */; };
		6AA7514B2BC622E100FD643F /* NSString+AppLovinMAXGodotPlugin.mm in Sources */ = {isa = PBXBuildFile; fileRef = 6AA751472BC622E100FD643F /* NSString+AppLovinMAXGodotPlugin.mm */; };
		6ACED7742AB7DD1A0030E0A1 /* AppLovinMAXGodotSignal.mm in Sources */ = {isa = PBXBuildFile; fileRef = 6ACED7722AB7DD1A0030E0A1 /* AppLovinMAXGodotSignal.mm */; };
		B9247EFF3631BFCDA6185A62 /* Pods_AppLovinMAXGodotPlugin.framework in Frameworks */ = {isa = PBXBuildFile; fileRef = D3CF98213D35C04CB81D9B97 /* Pods_AppLovinMAXGodotPlugin.framework */; };
/* End PBXBuildFile section */

/* Begin PBXCopyFilesBuildPhase section */
		6A2478642AB465C400864F6E /* CopyFiles */ = {
			isa = PBXCopyFilesBuildPhase;
			buildActionMask = 2147483647;
			dstPath = "include/$(PRODUCT_NAME)";
			dstSubfolderSpec = 16;
			files = (
			);
			runOnlyForDeploymentPostprocessing = 0;
		};
/* End PBXCopyFilesBuildPhase section */

/* Begin PBXFileReference section */
		6A2478662AB465C400864F6E /* libAppLovinMAXGodotPlugin.a */ = {isa = PBXFileReference; explicitFileType = archive.ar; includeInIndex = 0; path = libAppLovinMAXGodotPlugin.a; sourceTree = BUILT_PRODUCTS_DIR; };
		6AA751402BC622E100FD643F /* NSObject+AppLovinMAXGodotPlugin.h */ = {isa = PBXFileReference; fileEncoding = 4; lastKnownFileType = sourcecode.c.h; name = "NSObject+AppLovinMAXGodotPlugin.h"; path = "AppLovin-MAX-Godot-Plugin/Categories/NSObject+AppLovinMAXGodotPlugin.h"; sourceTree = SOURCE_ROOT; };
		6AA751412BC622E100FD643F /* NSArray+AppLovinMAXGodotPlugin.mm */ = {isa = PBXFileReference; fileEncoding = 4; lastKnownFileType = sourcecode.cpp.objcpp; name = "NSArray+AppLovinMAXGodotPlugin.mm"; path = "AppLovin-MAX-Godot-Plugin/Categories/NSArray+AppLovinMAXGodotPlugin.mm"; sourceTree = SOURCE_ROOT; };
		6AA751422BC622E100FD643F /* NSArray+AppLovinMAXGodotPlugin.h */ = {isa = PBXFileReference; fileEncoding = 4; lastKnownFileType = sourcecode.c.h; name = "NSArray+AppLovinMAXGodotPlugin.h"; path = "AppLovin-MAX-Godot-Plugin/Categories/NSArray+AppLovinMAXGodotPlugin.h"; sourceTree = SOURCE_ROOT; };
		6AA751432BC622E100FD643F /* NSObject+AppLovinMAXGodotPlugin.mm */ = {isa = PBXFileReference; fileEncoding = 4; lastKnownFileType = sourcecode.cpp.objcpp; name = "NSObject+AppLovinMAXGodotPlugin.mm"; path = "AppLovin-MAX-Godot-Plugin/Categories/NSObject+AppLovinMAXGodotPlugin.mm"; sourceTree = SOURCE_ROOT; };
		6AA751442BC622E100FD643F /* NSDictionary+AppLovinMAXGodotPlugin.mm */ = {isa = PBXFileReference; fileEncoding = 4; lastKnownFileType = sourcecode.cpp.objcpp; name = "NSDictionary+AppLovinMAXGodotPlugin.mm"; path = "AppLovin-MAX-Godot-Plugin/Categories/NSDictionary+AppLovinMAXGodotPlugin.mm"; sourceTree = SOURCE_ROOT; };
		6AA751452BC622E100FD643F /* NSString+AppLovinMAXGodotPlugin.h */ = {isa = PBXFileReference; fileEncoding = 4; lastKnownFileType = sourcecode.c.h; name = "NSString+AppLovinMAXGodotPlugin.h"; path = "AppLovin-MAX-Godot-Plugin/Categories/NSString+AppLovinMAXGodotPlugin.h"; sourceTree = SOURCE_ROOT; };
		6AA751462BC622E100FD643F /* NSDictionary+AppLovinMAXGodotPlugin.h */ = {isa = PBXFileReference; fileEncoding = 4; lastKnownFileType = sourcecode.c.h; name = "NSDictionary+AppLovinMAXGodotPlugin.h"; path = "AppLovin-MAX-Godot-Plugin/Categories/NSDictionary+AppLovinMAXGodotPlugin.h"; sourceTree = SOURCE_ROOT; };
		6AA751472BC622E100FD643F /* NSString+AppLovinMAXGodotPlugin.mm */ = {isa = PBXFileReference; fileEncoding = 4; lastKnownFileType = sourcecode.cpp.objcpp; name = "NSString+AppLovinMAXGodotPlugin.mm"; path = "AppLovin-MAX-Godot-Plugin/Categories/NSString+AppLovinMAXGodotPlugin.mm"; sourceTree = SOURCE_ROOT; };
		6ACED7722AB7DD1A0030E0A1 /* AppLovinMAXGodotSignal.mm */ = {isa = PBXFileReference; lastKnownFileType = sourcecode.cpp.objcpp; path = AppLovinMAXGodotSignal.mm; sourceTree = "<group>"; };
		6ACED7732AB7DD1A0030E0A1 /* AppLovinMAXGodotSignal.h */ = {isa = PBXFileReference; lastKnownFileType = sourcecode.c.h; path = AppLovinMAXGodotSignal.h; sourceTree = "<group>"; };
		6AD94ADB2AB4588000942DF0 /* AppLovinMAXGodotPlugin.mm */ = {isa = PBXFileReference; lastKnownFileType = sourcecode.cpp.objcpp; path = AppLovinMAXGodotPlugin.mm; sourceTree = "<group>"; };
		6AD94ADC2AB4588000942DF0 /* AppLovinMAXGodotPlugin.h */ = {isa = PBXFileReference; lastKnownFileType = sourcecode.c.h; path = AppLovinMAXGodotPlugin.h; sourceTree = "<group>"; };
		6AD94ADF2AB459F800942DF0 /* AppLovinMAXGodotManager.h */ = {isa = PBXFileReference; lastKnownFileType = sourcecode.c.h; path = AppLovinMAXGodotManager.h; sourceTree = "<group>"; };
		6AD94AE02AB459F800942DF0 /* AppLovinMAXGodotManager.mm */ = {isa = PBXFileReference; lastKnownFileType = sourcecode.cpp.objcpp; path = AppLovinMAXGodotManager.mm; sourceTree = "<group>"; };
		C805AFD8627E3F49147A2EF6 /* Pods-AppLovinMAXGodotPlugin.debug.xcconfig */ = {isa = PBXFileReference; includeInIndex = 1; lastKnownFileType = text.xcconfig; name = "Pods-AppLovinMAXGodotPlugin.debug.xcconfig"; path = "Target Support Files/Pods-AppLovinMAXGodotPlugin/Pods-AppLovinMAXGodotPlugin.debug.xcconfig"; sourceTree = "<group>"; };
		D3CF98213D35C04CB81D9B97 /* Pods_AppLovinMAXGodotPlugin.framework */ = {isa = PBXFileReference; explicitFileType = wrapper.framework; includeInIndex = 0; path = Pods_AppLovinMAXGodotPlugin.framework; sourceTree = BUILT_PRODUCTS_DIR; };
		DAEF291F1F886137D426B018 /* Pods-AppLovinMAXGodotPlugin.release.xcconfig */ = {isa = PBXFileReference; includeInIndex = 1; lastKnownFileType = text.xcconfig; name = "Pods-AppLovinMAXGodotPlugin.release.xcconfig"; path = "Target Support Files/Pods-AppLovinMAXGodotPlugin/Pods-AppLovinMAXGodotPlugin.release.xcconfig"; sourceTree = "<group>"; };
/* End PBXFileReference section */

/* Begin PBXFrameworksBuildPhase section */
		6A2478632AB465C400864F6E /* Frameworks */ = {
			isa = PBXFrameworksBuildPhase;
			buildActionMask = 2147483647;
			files = (
				B9247EFF3631BFCDA6185A62 /* Pods_AppLovinMAXGodotPlugin.framework in Frameworks */,
			);
			runOnlyForDeploymentPostprocessing = 0;
		};
/* End PBXFrameworksBuildPhase section */

/* Begin PBXGroup section */
		6ACD42F52AB670E3009F931C /* Categories */ = {
			isa = PBXGroup;
			children = (
				6AA751422BC622E100FD643F /* NSArray+AppLovinMAXGodotPlugin.h */,
				6AA751412BC622E100FD643F /* NSArray+AppLovinMAXGodotPlugin.mm */,
				6AA751462BC622E100FD643F /* NSDictionary+AppLovinMAXGodotPlugin.h */,
				6AA751442BC622E100FD643F /* NSDictionary+AppLovinMAXGodotPlugin.mm */,
				6AA751402BC622E100FD643F /* NSObject+AppLovinMAXGodotPlugin.h */,
				6AA751432BC622E100FD643F /* NSObject+AppLovinMAXGodotPlugin.mm */,
				6AA751452BC622E100FD643F /* NSString+AppLovinMAXGodotPlugin.h */,
				6AA751472BC622E100FD643F /* NSString+AppLovinMAXGodotPlugin.mm */,
			);
			path = Categories;
			sourceTree = "<group>";
		};
		6AD94ABE2AB4537C00942DF0 = {
			isa = PBXGroup;
			children = (
				6AD94ACA2AB4537C00942DF0 /* AppLovin-MAX-Godot-Plugin */,
				6AD94AC92AB4537C00942DF0 /* Products */,
				8321123A16631E3E3B824232 /* Pods */,
				C39542086E9005229320199B /* Frameworks */,
			);
			sourceTree = "<group>";
		};
		6AD94AC92AB4537C00942DF0 /* Products */ = {
			isa = PBXGroup;
			children = (
				6A2478662AB465C400864F6E /* libAppLovinMAXGodotPlugin.a */,
			);
			name = Products;
			sourceTree = "<group>";
		};
		6AD94ACA2AB4537C00942DF0 /* AppLovin-MAX-Godot-Plugin */ = {
			isa = PBXGroup;
			children = (
				6ACD42F52AB670E3009F931C /* Categories */,
				6AD94ADF2AB459F800942DF0 /* AppLovinMAXGodotManager.h */,
				6AD94AE02AB459F800942DF0 /* AppLovinMAXGodotManager.mm */,
				6AD94ADC2AB4588000942DF0 /* AppLovinMAXGodotPlugin.h */,
				6AD94ADB2AB4588000942DF0 /* AppLovinMAXGodotPlugin.mm */,
				6ACED7732AB7DD1A0030E0A1 /* AppLovinMAXGodotSignal.h */,
				6ACED7722AB7DD1A0030E0A1 /* AppLovinMAXGodotSignal.mm */,
			);
			path = "AppLovin-MAX-Godot-Plugin";
			sourceTree = "<group>";
		};
		8321123A16631E3E3B824232 /* Pods */ = {
			isa = PBXGroup;
			children = (
				C805AFD8627E3F49147A2EF6 /* Pods-AppLovinMAXGodotPlugin.debug.xcconfig */,
				DAEF291F1F886137D426B018 /* Pods-AppLovinMAXGodotPlugin.release.xcconfig */,
			);
			name = Pods;
			path = ../../Pods;
			sourceTree = "<group>";
		};
		C39542086E9005229320199B /* Frameworks */ = {
			isa = PBXGroup;
			children = (
				D3CF98213D35C04CB81D9B97 /* Pods_AppLovinMAXGodotPlugin.framework */,
			);
			name = Frameworks;
			sourceTree = "<group>";
		};
/* End PBXGroup section */

/* Begin PBXNativeTarget section */
		6A2478652AB465C400864F6E /* AppLovinMAXGodotPlugin */ = {
			isa = PBXNativeTarget;
			buildConfigurationList = 6A24786C2AB465C400864F6E /* Build configuration list for PBXNativeTarget "AppLovinMAXGodotPlugin" */;
			buildPhases = (
				1C03C1AB9566AB648A3DCF70 /* [CP] Check Pods Manifest.lock */,
				6A2478622AB465C400864F6E /* Sources */,
				6A2478632AB465C400864F6E /* Frameworks */,
				6A2478642AB465C400864F6E /* CopyFiles */,
			);
			buildRules = (
			);
			dependencies = (
			);
			name = AppLovinMAXGodotPlugin;
			productName = "applovin-max-godot-plugin";
			productReference = 6A2478662AB465C400864F6E /* libAppLovinMAXGodotPlugin.a */;
			productType = "com.apple.product-type.library.static";
		};
/* End PBXNativeTarget section */

/* Begin PBXProject section */
		6AD94ABF2AB4537C00942DF0 /* Project object */ = {
			isa = PBXProject;
			attributes = {
				BuildIndependentTargetsInParallel = 1;
				LastUpgradeCheck = 1600;
				TargetAttributes = {
					6A2478652AB465C400864F6E = {
						CreatedOnToolsVersion = 14.3.1;
					};
				};
			};
			buildConfigurationList = 6AD94AC22AB4537C00942DF0 /* Build configuration list for PBXProject "AppLovin-MAX-Godot-Plugin" */;
			compatibilityVersion = "Xcode 14.0";
			developmentRegion = en;
			hasScannedForEncodings = 0;
			knownRegions = (
				en,
				Base,
			);
			mainGroup = 6AD94ABE2AB4537C00942DF0;
			productRefGroup = 6AD94AC92AB4537C00942DF0 /* Products */;
			projectDirPath = "";
			projectRoot = "";
			targets = (
				6A2478652AB465C400864F6E /* AppLovinMAXGodotPlugin */,
			);
		};
/* End PBXProject section */

/* Begin PBXShellScriptBuildPhase section */
		1C03C1AB9566AB648A3DCF70 /* [CP] Check Pods Manifest.lock */ = {
			isa = PBXShellScriptBuildPhase;
			buildActionMask = 2147483647;
			files = (
			);
			inputFileListPaths = (
			);
			inputPaths = (
				"${PODS_PODFILE_DIR_PATH}/Podfile.lock",
				"${PODS_ROOT}/Manifest.lock",
			);
			name = "[CP] Check Pods Manifest.lock";
			outputFileListPaths = (
			);
			outputPaths = (
				"$(DERIVED_FILE_DIR)/Pods-AppLovinMAXGodotPlugin-checkManifestLockResult.txt",
			);
			runOnlyForDeploymentPostprocessing = 0;
			shellPath = /bin/sh;
			shellScript = "diff \"${PODS_PODFILE_DIR_PATH}/Podfile.lock\" \"${PODS_ROOT}/Manifest.lock\" > /dev/null\nif [ $? != 0 ] ; then\n    # print error to STDERR\n    echo \"error: The sandbox is not in sync with the Podfile.lock. Run 'pod install' or update your CocoaPods installation.\" >&2\n    exit 1\nfi\n# This output is used by Xcode 'outputs' to avoid re-running this script phase.\necho \"SUCCESS\" > \"${SCRIPT_OUTPUT_FILE_0}\"\n";
			showEnvVarsInLog = 0;
		};
/* End PBXShellScriptBuildPhase section */

/* Begin PBXSourcesBuildPhase section */
		6A2478622AB465C400864F6E /* Sources */ = {
			isa = PBXSourcesBuildPhase;
			buildActionMask = 2147483647;
			files = (
				6AA751492BC622E100FD643F /* NSObject+AppLovinMAXGodotPlugin.mm in Sources */,
				6AA7514B2BC622E100FD643F /* NSString+AppLovinMAXGodotPlugin.mm in Sources */,
				6AA7514A2BC622E100FD643F /* NSDictionary+AppLovinMAXGodotPlugin.mm in Sources */,
				6A2478702AB465D700864F6E /* AppLovinMAXGodotPlugin.mm in Sources */,
				6AA751482BC622E100FD643F /* NSArray+AppLovinMAXGodotPlugin.mm in Sources */,
				6ACED7742AB7DD1A0030E0A1 /* AppLovinMAXGodotSignal.mm in Sources */,
				6A24786F2AB465D400864F6E /* AppLovinMAXGodotManager.mm in Sources */,
			);
			runOnlyForDeploymentPostprocessing = 0;
		};
/* End PBXSourcesBuildPhase section */

/* Begin XCBuildConfiguration section */
		6A24786D2AB465C400864F6E /* Debug */ = {
			isa = XCBuildConfiguration;
			baseConfigurationReference = C805AFD8627E3F49147A2EF6 /* Pods-AppLovinMAXGodotPlugin.debug.xcconfig */;
			buildSettings = {
				CLANG_CXX_LIBRARY = "libc++";
				CODE_SIGN_STYLE = Automatic;
				FRAMEWORK_SEARCH_PATHS = "$(inherited)";
				HEADER_SEARCH_PATHS = (
					$PROJECT_DIR/../../godot,
					$PROJECT_DIR/../../godot/platform/ios,
				);
				IPHONEOS_DEPLOYMENT_TARGET = 13.0;
				LIBRARY_SEARCH_PATHS = (
					"$(inherited)",
					"$(PROJECT_DIR)/godot/bin",
				);
				OTHER_CFLAGS = (
					"-fcxx-modules",
					"-fmodules",
					"-g",
					"-DDEBUG",
					"-DTYPED_METHOD_BIND",
					"-DDISABLE_FORCED_INLINE",
					"-DDEBUG_MEMORY_ALLOC",
					"-DDEBUG_ENABLED",
				);
				OTHER_LDFLAGS = "-ObjC";
				PRODUCT_NAME = "$(TARGET_NAME)";
				SKIP_INSTALL = YES;
				TARGETED_DEVICE_FAMILY = "1,2";
			};
			name = Debug;
		};
		6A24786E2AB465C400864F6E /* Release */ = {
			isa = XCBuildConfiguration;
			baseConfigurationReference = DAEF291F1F886137D426B018 /* Pods-AppLovinMAXGodotPlugin.release.xcconfig */;
			buildSettings = {
				CLANG_CXX_LIBRARY = "libc++";
				CODE_SIGN_STYLE = Automatic;
				FRAMEWORK_SEARCH_PATHS = "$(inherited)";
				HEADER_SEARCH_PATHS = (
					$PROJECT_DIR/../../godot,
					$PROJECT_DIR/../../godot/platform/ios,
				);
				IPHONEOS_DEPLOYMENT_TARGET = 13.0;
				LIBRARY_SEARCH_PATHS = (
					"$(inherited)",
					"$(PROJECT_DIR)/godot/bin",
				);
				OTHER_CFLAGS = (
					"-fcxx-modules",
					"-fmodules",
					"-DNDEBUG",
				);
				OTHER_LDFLAGS = "-ObjC";
				PRODUCT_NAME = "$(TARGET_NAME)";
				SKIP_INSTALL = YES;
				TARGETED_DEVICE_FAMILY = "1,2";
			};
			name = Release;
		};
		6AD94ACD2AB4537C00942DF0 /* Debug */ = {
			isa = XCBuildConfiguration;
			buildSettings = {
				ALWAYS_SEARCH_USER_PATHS = NO;
				CLANG_ANALYZER_NONNULL = YES;
				CLANG_ANALYZER_NUMBER_OBJECT_CONVERSION = YES_AGGRESSIVE;
				CLANG_CXX_LANGUAGE_STANDARD = "gnu++20";
				CLANG_ENABLE_MODULES = YES;
				CLANG_ENABLE_OBJC_ARC = YES;
				CLANG_ENABLE_OBJC_WEAK = YES;
				CLANG_WARN_BLOCK_CAPTURE_AUTORELEASING = YES;
				CLANG_WARN_BOOL_CONVERSION = YES;
				CLANG_WARN_COMMA = YES;
				CLANG_WARN_CONSTANT_CONVERSION = YES;
				CLANG_WARN_DEPRECATED_OBJC_IMPLEMENTATIONS = YES;
				CLANG_WARN_DIRECT_OBJC_ISA_USAGE = YES_ERROR;
				CLANG_WARN_DOCUMENTATION_COMMENTS = YES;
				CLANG_WARN_EMPTY_BODY = YES;
				CLANG_WARN_ENUM_CONVERSION = YES;
				CLANG_WARN_INFINITE_RECURSION = YES;
				CLANG_WARN_INT_CONVERSION = YES;
				CLANG_WARN_NON_LITERAL_NULL_CONVERSION = YES;
				CLANG_WARN_OBJC_IMPLICIT_RETAIN_SELF = YES;
				CLANG_WARN_OBJC_LITERAL_CONVERSION = YES;
				CLANG_WARN_OBJC_ROOT_CLASS = YES_ERROR;
				CLANG_WARN_QUOTED_INCLUDE_IN_FRAMEWORK_HEADER = YES;
				CLANG_WARN_RANGE_LOOP_ANALYSIS = YES;
				CLANG_WARN_STRICT_PROTOTYPES = YES;
				CLANG_WARN_SUSPICIOUS_MOVE = YES;
				CLANG_WARN_UNGUARDED_AVAILABILITY = YES_AGGRESSIVE;
				CLANG_WARN_UNREACHABLE_CODE = YES;
				CLANG_WARN__DUPLICATE_METHOD_MATCH = YES;
				COPY_PHASE_STRIP = NO;
				CURRENT_PROJECT_VERSION = 1;
				DEBUG_INFORMATION_FORMAT = dwarf;
				ENABLE_STRICT_OBJC_MSGSEND = YES;
				ENABLE_TESTABILITY = YES;
				GCC_C_LANGUAGE_STANDARD = gnu11;
				GCC_DYNAMIC_NO_PIC = NO;
				GCC_NO_COMMON_BLOCKS = YES;
				GCC_OPTIMIZATION_LEVEL = 0;
				GCC_PREPROCESSOR_DEFINITIONS = (
					"DEBUG=1",
					"$(inherited)",
				);
				GCC_WARN_64_TO_32_BIT_CONVERSION = YES;
				GCC_WARN_ABOUT_RETURN_TYPE = YES_ERROR;
				GCC_WARN_UNDECLARED_SELECTOR = YES;
				GCC_WARN_UNINITIALIZED_AUTOS = YES_AGGRESSIVE;
				GCC_WARN_UNUSED_FUNCTION = YES;
				GCC_WARN_UNUSED_VARIABLE = YES;
				HEADER_SEARCH_PATHS = $PROJECT_DIR/../Godot/core;
				IPHONEOS_DEPLOYMENT_TARGET = 16.4;
				MTL_ENABLE_DEBUG_INFO = INCLUDE_SOURCE;
				MTL_FAST_MATH = YES;
				ONLY_ACTIVE_ARCH = YES;
				SDKROOT = iphoneos;
				VERSIONING_SYSTEM = "apple-generic";
				VERSION_INFO_PREFIX = "";
			};
			name = Debug;
		};
		6AD94ACE2AB4537C00942DF0 /* Release */ = {
			isa = XCBuildConfiguration;
			buildSettings = {
				ALWAYS_SEARCH_USER_PATHS = NO;
				CLANG_ANALYZER_NONNULL = YES;
				CLANG_ANALYZER_NUMBER_OBJECT_CONVERSION = YES_AGGRESSIVE;
				CLANG_CXX_LANGUAGE_STANDARD = "gnu++20";
				CLANG_ENABLE_MODULES = YES;
				CLANG_ENABLE_OBJC_ARC = YES;
				CLANG_ENABLE_OBJC_WEAK = YES;
				CLANG_WARN_BLOCK_CAPTURE_AUTORELEASING = YES;
				CLANG_WARN_BOOL_CONVERSION = YES;
				CLANG_WARN_COMMA = YES;
				CLANG_WARN_CONSTANT_CONVERSION = YES;
				CLANG_WARN_DEPRECATED_OBJC_IMPLEMENTATIONS = YES;
				CLANG_WARN_DIRECT_OBJC_ISA_USAGE = YES_ERROR;
				CLANG_WARN_DOCUMENTATION_COMMENTS = YES;
				CLANG_WARN_EMPTY_BODY = YES;
				CLANG_WARN_ENUM_CONVERSION = YES;
				CLANG_WARN_INFINITE_RECURSION = YES;
				CLANG_WARN_INT_CONVERSION = YES;
				CLANG_WARN_NON_LITERAL_NULL_CONVERSION = YES;
				CLANG_WARN_OBJC_IMPLICIT_RETAIN_SELF = YES;
				CLANG_WARN_OBJC_LITERAL_CONVERSION = YES;
				CLANG_WARN_OBJC_ROOT_CLASS = YES_ERROR;
				CLANG_WARN_QUOTED_INCLUDE_IN_FRAMEWORK_HEADER = YES;
				CLANG_WARN_RANGE_LOOP_ANALYSIS = YES;
				CLANG_WARN_STRICT_PROTOTYPES = YES;
				CLANG_WARN_SUSPICIOUS_MOVE = YES;
				CLANG_WARN_UNGUARDED_AVAILABILITY = YES_AGGRESSIVE;
				CLANG_WARN_UNREACHABLE_CODE = YES;
				CLANG_WARN__DUPLICATE_METHOD_MATCH = YES;
				COPY_PHASE_STRIP = NO;
				CURRENT_PROJECT_VERSION = 1;
				DEBUG_INFORMATION_FORMAT = "dwarf-with-dsym";
				ENABLE_NS_ASSERTIONS = NO;
				ENABLE_STRICT_OBJC_MSGSEND = YES;
				GCC_C_LANGUAGE_STANDARD = gnu11;
				GCC_NO_COMMON_BLOCKS = YES;
				GCC_WARN_64_TO_32_BIT_CONVERSION = YES;
				GCC_WARN_ABOUT_RETURN_TYPE = YES_ERROR;
				GCC_WARN_UNDECLARED_SELECTOR = YES;
				GCC_WARN_UNINITIALIZED_AUTOS = YES_AGGRESSIVE;
				GCC_WARN_UNUSED_FUNCTION = YES;
				GCC_WARN_UNUSED_VARIABLE = YES;
				HEADER_SEARCH_PATHS = $PROJECT_DIR/../Godot/core;
				IPHONEOS_DEPLOYMENT_TARGET = 16.4;
				MTL_ENABLE_DEBUG_INFO = NO;
				MTL_FAST_MATH = YES;
				SDKROOT = iphoneos;
				VALIDATE_PRODUCT = YES;
				VERSIONING_SYSTEM = "apple-generic";
				VERSION_INFO_PREFIX = "";
			};
			name = Release;
		};
/* End XCBuildConfiguration section */

/* Begin XCConfigurationList section */
		6A24786C2AB465C400864F6E /* Build configuration list for PBXNativeTarget "AppLovinMAXGodotPlugin" */ = {
			isa = XCConfigurationList;
			buildConfigurations = (
				6A24786D2AB465C400864F6E /* Debug */,
				6A24786E2AB465C400864F6E /* Release */,
			);
			defaultConfigurationIsVisible = 0;
			defaultConfigurationName = Release;
		};
		6AD94AC22AB4537C00942DF0 /* Build configuration list for PBXProject "AppLovin-MAX-Godot-Plugin" */ = {
			isa = XCConfigurationList;
			buildConfigurations = (
				6AD94ACD2AB4537C00942DF0 /* Debug */,
				6AD94ACE2AB4537C00942DF0 /* Release */,
			);
			defaultConfigurationIsVisible = 0;
			defaultConfigurationName = Release;
		};
/* End XCConfigurationList section */
	};
	rootObject = 6AD94ABF2AB4537C00942DF0 /* Project object */;
}
